
Microsoft Visual Studio Solution File, Format Version 12.00
# Visual Studio Version 17
VisualStudioVersion = 17.11.35327.3
MinimumVisualStudioVersion = 10.0.40219.1
Project("{FAE04EC0-301F-11D3-BF4B-00C04F79EFBC}") = "WordVaultAppMVC", "WordVaultAppMVC.csproj", "{21354C8C-FE34-4E05-B861-BD87189801BC}"
EndProject
Global
	GlobalSection(SolutionConfigurationPlatforms) = preSolution
		Debug|Any CPU = Debug|Any CPU
		Release|Any CPU = Release|Any CPU
	EndGlobalSection
	GlobalSection(ProjectConfigurationPlatforms) = postSolution
		{21354C8C-FE34-4E05-B861-BD87189801BC}.Debug|Any CPU.ActiveCfg = Debug|Any CPU
		{21354C8C-FE34-4E05-B861-BD87189801BC}.Debug|Any CPU.Build.0 = Debug|Any CPU
		{21354C8C-FE34-4E05-B861-BD87189801BC}.Release|Any CPU.ActiveCfg = Release|Any CPU
		{21354C8C-FE34-4E05-B861-BD87189801BC}.Release|Any CPU.Build.0 = Release|Any CPU
	EndGlobalSection
	GlobalSection(SolutionProperties) = preSolution
		HideSolutionNode = FALSE
	EndGlobalSection
	GlobalSection(ExtensibilityGlobals) = postSolution
		SolutionGuid = {9F659A17-CAF2-42D6-9123-3CD2FCA6205B}
	EndGlobalSection
EndGlobal
